
Microsoft Visual Studio Solution File, Format Version 12.00
# Visual Studio 15
VisualStudioVersion = 15.0.27703.2026
MinimumVisualStudioVersion = 10.0.40219.1
Project("{FAE04EC0-301F-11D3-BF4B-00C04F79EFBC}") = "LibraryUnderTest", "LibraryUnderTest\LibraryUnderTest.csproj", "{AC7DB338-28EF-4B18-A6F4-F3416810E9AF}"
EndProject
Project("{FAE04EC0-301F-11D3-BF4B-00C04F79EFBC}") = "LibraryTests", "LibraryTests\LibraryTests.csproj", "{4ABE318A-5D8E-4D30-A9B7-3ADC2911A301}"
EndProject
Global
	GlobalSection(SolutionConfigurationPlatforms) = preSolution
		Debug|Any CPU = Debug|Any CPU
		Release|Any CPU = Release|Any CPU
	EndGlobalSection
	GlobalSection(ProjectConfigurationPlatforms) = postSolution
		{AC7DB338-28EF-4B18-A6F4-F3416810E9AF}.Debug|Any CPU.ActiveCfg = Debug|Any CPU
		{AC7DB338-28EF-4B18-A6F4-F3416810E9AF}.Debug|Any CPU.Build.0 = Debug|Any CPU
		{AC7DB338-28EF-4B18-A6F4-F3416810E9AF}.Release|Any CPU.ActiveCfg = Release|Any CPU
		{AC7DB338-28EF-4B18-A6F4-F3416810E9AF}.Release|Any CPU.Build.0 = Release|Any CPU
		{4ABE318A-5D8E-4D30-A9B7-3ADC2911A301}.Debug|Any CPU.ActiveCfg = Debug|Any CPU
		{4ABE318A-5D8E-4D30-A9B7-3ADC2911A301}.Debug|Any CPU.Build.0 = Debug|Any CPU
		{4ABE318A-5D8E-4D30-A9B7-3ADC2911A301}.Release|Any CPU.ActiveCfg = Release|Any CPU
		{4ABE318A-5D8E-4D30-A9B7-3ADC2911A301}.Release|Any CPU.Build.0 = Release|Any CPU
	EndGlobalSection
	GlobalSection(SolutionProperties) = preSolution
		HideSolutionNode = FALSE
	EndGlobalSection
	GlobalSection(ExtensibilityGlobals) = postSolution
		SolutionGuid = {D0DEB3DF-4E83-4D7B-A552-FA2E8E63AF6A}
	EndGlobalSection
EndGlobal
