
Microsoft Visual Studio Solution File, Format Version 12.00
# Visual Studio 14
VisualStudioVersion = 14.0.25420.1
MinimumVisualStudioVersion = 10.0.40219.1
Project("{FAE04EC0-301F-11D3-BF4B-00C04F79EFBC}") = "TestSetupGenerator", "..\TestSetupGenerator\TestSetupGenerator\TestSetupGenerator.csproj", "{CAD27EA5-ABF8-421E-81DD-04C423AE92E1}"
EndProject
Project("{FAE04EC0-301F-11D3-BF4B-00C04F79EFBC}") = "TestSetupGenerator.Test", "..\TestSetupGenerator\TestSetupGenerator.Test\TestSetupGenerator.Test.csproj", "{58EED500-2009-41E9-8F9A-6B0DB1C46352}"
EndProject
Project("{FAE04EC0-301F-11D3-BF4B-00C04F79EFBC}") = "TestSetupGenerator.Vsix", "..\TestSetupGenerator\TestSetupGenerator.Vsix\TestSetupGenerator.Vsix.csproj", "{65291A41-C575-49E3-BFF8-F111949B4429}"
EndProject
Project("{FAE04EC0-301F-11D3-BF4B-00C04F79EFBC}") = "TestClassGeneratorSamples", "TestClassGeneratorSamples.csproj", "{614C8EE2-DA0D-49D0-8A10-66AC8CD68784}"
EndProject
Global
	GlobalSection(SolutionConfigurationPlatforms) = preSolution
		Debug|Any CPU = Debug|Any CPU
		Release|Any CPU = Release|Any CPU
	EndGlobalSection
	GlobalSection(ProjectConfigurationPlatforms) = postSolution
		{CAD27EA5-ABF8-421E-81DD-04C423AE92E1}.Debug|Any CPU.ActiveCfg = Debug|Any CPU
		{CAD27EA5-ABF8-421E-81DD-04C423AE92E1}.Debug|Any CPU.Build.0 = Debug|Any CPU
		{CAD27EA5-ABF8-421E-81DD-04C423AE92E1}.Release|Any CPU.ActiveCfg = Release|Any CPU
		{CAD27EA5-ABF8-421E-81DD-04C423AE92E1}.Release|Any CPU.Build.0 = Release|Any CPU
		{58EED500-2009-41E9-8F9A-6B0DB1C46352}.Debug|Any CPU.ActiveCfg = Debug|Any CPU
		{58EED500-2009-41E9-8F9A-6B0DB1C46352}.Debug|Any CPU.Build.0 = Debug|Any CPU
		{58EED500-2009-41E9-8F9A-6B0DB1C46352}.Release|Any CPU.ActiveCfg = Release|Any CPU
		{58EED500-2009-41E9-8F9A-6B0DB1C46352}.Release|Any CPU.Build.0 = Release|Any CPU
		{65291A41-C575-49E3-BFF8-F111949B4429}.Debug|Any CPU.ActiveCfg = Debug|Any CPU
		{65291A41-C575-49E3-BFF8-F111949B4429}.Debug|Any CPU.Build.0 = Debug|Any CPU
		{65291A41-C575-49E3-BFF8-F111949B4429}.Release|Any CPU.ActiveCfg = Release|Any CPU
		{65291A41-C575-49E3-BFF8-F111949B4429}.Release|Any CPU.Build.0 = Release|Any CPU
		{614C8EE2-DA0D-49D0-8A10-66AC8CD68784}.Debug|Any CPU.ActiveCfg = Debug|Any CPU
		{614C8EE2-DA0D-49D0-8A10-66AC8CD68784}.Debug|Any CPU.Build.0 = Debug|Any CPU
		{614C8EE2-DA0D-49D0-8A10-66AC8CD68784}.Release|Any CPU.ActiveCfg = Release|Any CPU
		{614C8EE2-DA0D-49D0-8A10-66AC8CD68784}.Release|Any CPU.Build.0 = Release|Any CPU
	EndGlobalSection
	GlobalSection(SolutionProperties) = preSolution
		HideSolutionNode = FALSE
	EndGlobalSection
EndGlobal
