
Microsoft Visual Studio Solution File, Format Version 12.00
# Visual Studio 15
VisualStudioVersion = 15.0.27130.2010
MinimumVisualStudioVersion = 10.0.40219.1
Project("{9A19103F-16F7-4668-BE54-9A1E7A4F7556}") = "AutoSetup.CodeAnalysis", "TestSetupGenerator.CodeAnalysis\AutoSetup.CodeAnalysis.csproj", "{326C76BF-C1A4-47FF-93A6-3E805139C0B5}"
EndProject
Project("{FAE04EC0-301F-11D3-BF4B-00C04F79EFBC}") = "AutoSetup.CodeAnalysis.UnitTests", "TestSetupGenerator.CodeAnalysis.UnitTests\AutoSetup.CodeAnalysis.UnitTests.csproj", "{6A2E5286-3FA5-4727-8C83-CEA6C76B53AA}"
EndProject
Project("{9A19103F-16F7-4668-BE54-9A1E7A4F7556}") = "AutoSetup.XUnitMoq", "TestSetupGenerator.XUnitMoq\AutoSetup.XUnitMoq.csproj", "{8CE6A731-F52E-4408-8698-974983B71B45}"
EndProject
Project("{FAE04EC0-301F-11D3-BF4B-00C04F79EFBC}") = "AutoSetup.XUnitMoq.Vsix", "TestSetupGenerator.XUnitMoq.Vsix\AutoSetup.XUnitMoq.Vsix.csproj", "{D1A98751-00E1-4E1C-8712-5EBDCCA39322}"
EndProject
Project("{FAE04EC0-301F-11D3-BF4B-00C04F79EFBC}") = "AutoSetup.IntegrationTests", "TestSetupGenerator.IntegrationTests\AutoSetup.IntegrationTests.csproj", "{CEF214CA-D828-44F8-9131-B42D74D5687B}"
EndProject
Global
	GlobalSection(SolutionConfigurationPlatforms) = preSolution
		Debug|Any CPU = Debug|Any CPU
		Release|Any CPU = Release|Any CPU
	EndGlobalSection
	GlobalSection(ProjectConfigurationPlatforms) = postSolution
		{326C76BF-C1A4-47FF-93A6-3E805139C0B5}.Debug|Any CPU.ActiveCfg = Debug|Any CPU
		{326C76BF-C1A4-47FF-93A6-3E805139C0B5}.Debug|Any CPU.Build.0 = Debug|Any CPU
		{326C76BF-C1A4-47FF-93A6-3E805139C0B5}.Release|Any CPU.ActiveCfg = Release|Any CPU
		{326C76BF-C1A4-47FF-93A6-3E805139C0B5}.Release|Any CPU.Build.0 = Release|Any CPU
		{6A2E5286-3FA5-4727-8C83-CEA6C76B53AA}.Debug|Any CPU.ActiveCfg = Debug|Any CPU
		{6A2E5286-3FA5-4727-8C83-CEA6C76B53AA}.Debug|Any CPU.Build.0 = Debug|Any CPU
		{6A2E5286-3FA5-4727-8C83-CEA6C76B53AA}.Release|Any CPU.ActiveCfg = Release|Any CPU
		{6A2E5286-3FA5-4727-8C83-CEA6C76B53AA}.Release|Any CPU.Build.0 = Release|Any CPU
		{8CE6A731-F52E-4408-8698-974983B71B45}.Debug|Any CPU.ActiveCfg = Debug|Any CPU
		{8CE6A731-F52E-4408-8698-974983B71B45}.Debug|Any CPU.Build.0 = Debug|Any CPU
		{8CE6A731-F52E-4408-8698-974983B71B45}.Release|Any CPU.ActiveCfg = Release|Any CPU
		{8CE6A731-F52E-4408-8698-974983B71B45}.Release|Any CPU.Build.0 = Release|Any CPU
		{D1A98751-00E1-4E1C-8712-5EBDCCA39322}.Debug|Any CPU.ActiveCfg = Debug|Any CPU
		{D1A98751-00E1-4E1C-8712-5EBDCCA39322}.Debug|Any CPU.Build.0 = Debug|Any CPU
		{D1A98751-00E1-4E1C-8712-5EBDCCA39322}.Release|Any CPU.ActiveCfg = Release|Any CPU
		{D1A98751-00E1-4E1C-8712-5EBDCCA39322}.Release|Any CPU.Build.0 = Release|Any CPU
		{CEF214CA-D828-44F8-9131-B42D74D5687B}.Debug|Any CPU.ActiveCfg = Debug|Any CPU
		{CEF214CA-D828-44F8-9131-B42D74D5687B}.Debug|Any CPU.Build.0 = Debug|Any CPU
		{CEF214CA-D828-44F8-9131-B42D74D5687B}.Release|Any CPU.ActiveCfg = Release|Any CPU
		{CEF214CA-D828-44F8-9131-B42D74D5687B}.Release|Any CPU.Build.0 = Release|Any CPU
	EndGlobalSection
	GlobalSection(SolutionProperties) = preSolution
		HideSolutionNode = FALSE
	EndGlobalSection
	GlobalSection(ExtensibilityGlobals) = postSolution
		SolutionGuid = {9159C1C7-EC1E-4ECD-84EF-FB35A5015CD6}
	EndGlobalSection
EndGlobal
